// !$*UTF8*$!
{
	archiveVersion = 1;
	classes = {
	};
	objectVersion = 46;
	objects = {

/* Begin PBXBuildFile section */
		044894D61BDF887C00FA5497 /* libVisSDK.a in Frameworks */ = {isa = PBXBuildFile; fileRef = 044894D41BDF887C00FA5497 /* libVisSDK.a */; };
		044F7B4B1BDDD1AE008FBEC2 /* main.m in Sources */ = {isa = PBXBuildFile; fileRef = 044F7B4A1BDDD1AE008FBEC2 /* main.m */; };
		044F7B4E1BDDD1AE008FBEC2 /* AppDelegate.m in Sources */ = {isa = PBXBuildFile; fileRef = 044F7B4D1BDDD1AE008FBEC2 /* AppDelegate.m */; };
		044F7B511BDDD1AE008FBEC2 /* ViewController.m in Sources */ = {isa = PBXBuildFile; fileRef = 044F7B501BDDD1AE008FBEC2 /* ViewController.m */; };
		044F7B541BDDD1AE008FBEC2 /* Main.storyboard in Resources */ = {isa = PBXBuildFile; fileRef = 044F7B521BDDD1AE008FBEC2 /* Main.storyboard */; };
		044F7B561BDDD1AE008FBEC2 /* Images.xcassets in Resources */ = {isa = PBXBuildFile; fileRef = 044F7B551BDDD1AE008FBEC2 /* Images.xcassets */; };
		044F7B731BDDED91008FBEC2 /* libstdc++.dylib in Frameworks */ = {isa = PBXBuildFile; fileRef = 044F7B721BDDED91008FBEC2 /* libstdc++.dylib */; };
		044F7B751BDDED9E008FBEC2 /* CoreMedia.framework in Frameworks */ = {isa = PBXBuildFile; fileRef = 044F7B741BDDED9E008FBEC2 /* CoreMedia.framework */; };
		044F7B771BDDEDAA008FBEC2 /* AVFoundation.framework in Frameworks */ = {isa = PBXBuildFile; fileRef = 044F7B761BDDEDAA008FBEC2 /* AVFoundation.framework */; };
		044F7B791BDDEDB3008FBEC2 /* AudioToolbox.framework in Frameworks */ = {isa = PBXBuildFile; fileRef = 044F7B781BDDEDB3008FBEC2 /* AudioToolbox.framework */; };
		044F7B8E1BDE29AE008FBEC2 /* BigSmallView.m in Sources */ = {isa = PBXBuildFile; fileRef = 044F7B8D1BDE29AE008FBEC2 /* BigSmallView.m */; };
		0472592D1BDF10D000D2C888 /* NavigationController.m in Sources */ = {isa = PBXBuildFile; fileRef = 0472592C1BDF10D000D2C888 /* NavigationController.m */; };
/* End PBXBuildFile section */

/* Begin PBXFileReference section */
		044894D41BDF887C00FA5497 /* libVisSDK.a */ = {isa = PBXFileReference; lastKnownFileType = archive.ar; name = libVisSDK.a; path = Libs/libVisSDK.a; sourceTree = "<group>"; };
		044894D51BDF887C00FA5497 /* VisSDK.h */ = {isa = PBXFileReference; fileEncoding = 4; lastKnownFileType = sourcecode.c.h; name = VisSDK.h; path = Libs/VisSDK.h; sourceTree = "<group>"; };
		044F7B451BDDD1AE008FBEC2 /* VisSDKDemo.app */ = {isa = PBXFileReference; explicitFileType = wrapper.application; includeInIndex = 0; path = VisSDKDemo.app; sourceTree = BUILT_PRODUCTS_DIR; };
		044F7B491BDDD1AE008FBEC2 /* Info.plist */ = {isa = PBXFileReference; lastKnownFileType = text.plist.xml; path = Info.plist; sourceTree = "<group>"; };
		044F7B4A1BDDD1AE008FBEC2 /* main.m */ = {isa = PBXFileReference; lastKnownFileType = sourcecode.c.objc; path = main.m; sourceTree = "<group>"; };
		044F7B4C1BDDD1AE008FBEC2 /* AppDelegate.h */ = {isa = PBXFileReference; lastKnownFileType = sourcecode.c.h; path = AppDelegate.h; sourceTree = "<group>"; };
		044F7B4D1BDDD1AE008FBEC2 /* AppDelegate.m */ = {isa = PBXFileReference; lastKnownFileType = sourcecode.c.objc; path = AppDelegate.m; sourceTree = "<group>"; };
		044F7B4F1BDDD1AE008FBEC2 /* ViewController.h */ = {isa = PBXFileReference; lastKnownFileType = sourcecode.c.h; path = ViewController.h; sourceTree = "<group>"; };
		044F7B501BDDD1AE008FBEC2 /* ViewController.m */ = {isa = PBXFileReference; lastKnownFileType = sourcecode.c.objc; path = ViewController.m; sourceTree = "<group>"; };
		044F7B531BDDD1AE008FBEC2 /* Base */ = {isa = PBXFileReference; lastKnownFileType = file.storyboard; name = Base; path = Base.lproj/Main.storyboard; sourceTree = "<group>"; };
		044F7B551BDDD1AE008FBEC2 /* Images.xcassets */ = {isa = PBXFileReference; lastKnownFileType = folder.assetcatalog; path = Images.xcassets; sourceTree = "<group>"; };
		044F7B721BDDED91008FBEC2 /* libstdc++.dylib */ = {isa = PBXFileReference; lastKnownFileType = "compiled.mach-o.dylib"; name = "libstdc++.dylib"; path = "usr/lib/libstdc++.dylib"; sourceTree = SDKROOT; };
		044F7B741BDDED9E008FBEC2 /* CoreMedia.framework */ = {isa = PBXFileReference; lastKnownFileType = wrapper.framework; name = CoreMedia.framework; path = System/Library/Frameworks/CoreMedia.framework; sourceTree = SDKROOT; };
		044F7B761BDDEDAA008FBEC2 /* AVFoundation.framework */ = {isa = PBXFileReference; lastKnownFileType = wrapper.framework; name = AVFoundation.framework; path = System/Library/Frameworks/AVFoundation.framework; sourceTree = SDKROOT; };
		044F7B781BDDEDB3008FBEC2 /* AudioToolbox.framework */ = {isa = PBXFileReference; lastKnownFileType = wrapper.framework; name = AudioToolbox.framework; path = System/Library/Frameworks/AudioToolbox.framework; sourceTree = SDKROOT; };
		044F7B8C1BDE29AE008FBEC2 /* BigSmallView.h */ = {isa = PBXFileReference; fileEncoding = 4; lastKnownFileType = sourcecode.c.h; path = BigSmallView.h; sourceTree = "<group>"; };
		044F7B8D1BDE29AE008FBEC2 /* BigSmallView.m */ = {isa = PBXFileReference; fileEncoding = 4; lastKnownFileType = sourcecode.c.objc; path = BigSmallView.m; sourceTree = "<group>"; };
		0472592B1BDF10D000D2C888 /* NavigationController.h */ = {isa = PBXFileReference; fileEncoding = 4; lastKnownFileType = sourcecode.c.h; path = NavigationController.h; sourceTree = "<group>"; };
		0472592C1BDF10D000D2C888 /* NavigationController.m */ = {isa = PBXFileReference; fileEncoding = 4; lastKnownFileType = sourcecode.c.objc; path = NavigationController.m; sourceTree = "<group>"; };
/* End PBXFileReference section */

/* Begin PBXFrameworksBuildPhase section */
		044F7B421BDDD1AE008FBEC2 /* Frameworks */ = {
			isa = PBXFrameworksBuildPhase;
			buildActionMask = 2147483647;
			files = (
				044F7B791BDDEDB3008FBEC2 /* AudioToolbox.framework in Frameworks */,
				044F7B771BDDEDAA008FBEC2 /* AVFoundation.framework in Frameworks */,
				044F7B751BDDED9E008FBEC2 /* CoreMedia.framework in Frameworks */,
				044894D61BDF887C00FA5497 /* libVisSDK.a in Frameworks */,
				044F7B731BDDED91008FBEC2 /* libstdc++.dylib in Frameworks */,
			);
			runOnlyForDeploymentPostprocessing = 0;
		};
/* End PBXFrameworksBuildPhase section */

/* Begin PBXGroup section */
		044F7B3C1BDDD1AE008FBEC2 = {
			isa = PBXGroup;
			children = (
				044F7B471BDDD1AE008FBEC2 /* VisSDKDemo */,
				044F7B461BDDD1AE008FBEC2 /* Products */,
			);
			sourceTree = "<group>";
		};
		044F7B461BDDD1AE008FBEC2 /* Products */ = {
			isa = PBXGroup;
			children = (
				044F7B451BDDD1AE008FBEC2 /* VisSDKDemo.app */,
			);
			name = Products;
			sourceTree = "<group>";
		};
		044F7B471BDDD1AE008FBEC2 /* VisSDKDemo */ = {
			isa = PBXGroup;
			children = (
				044F7B6E1BDDD235008FBEC2 /* Libs */,
				044F7B8C1BDE29AE008FBEC2 /* BigSmallView.h */,
				044F7B8D1BDE29AE008FBEC2 /* BigSmallView.m */,
				044F7B521BDDD1AE008FBEC2 /* Main.storyboard */,
				0472592B1BDF10D000D2C888 /* NavigationController.h */,
				0472592C1BDF10D000D2C888 /* NavigationController.m */,
				044F7B4F1BDDD1AE008FBEC2 /* ViewController.h */,
				044F7B501BDDD1AE008FBEC2 /* ViewController.m */,
				044F7B4C1BDDD1AE008FBEC2 /* AppDelegate.h */,
				044F7B4D1BDDD1AE008FBEC2 /* AppDelegate.m */,
				044F7B481BDDD1AE008FBEC2 /* Supporting Files */,
			);
			path = VisSDKDemo;
			sourceTree = "<group>";
		};
		044F7B481BDDD1AE008FBEC2 /* Supporting Files */ = {
			isa = PBXGroup;
			children = (
				044F7B551BDDD1AE008FBEC2 /* Images.xcassets */,
				044F7B491BDDD1AE008FBEC2 /* Info.plist */,
				044F7B4A1BDDD1AE008FBEC2 /* main.m */,
			);
			name = "Supporting Files";
			sourceTree = "<group>";
		};
		044F7B6E1BDDD235008FBEC2 /* Libs */ = {
			isa = PBXGroup;
			children = (
				044F7B781BDDEDB3008FBEC2 /* AudioToolbox.framework */,
				044F7B761BDDEDAA008FBEC2 /* AVFoundation.framework */,
				044F7B741BDDED9E008FBEC2 /* CoreMedia.framework */,
				044F7B721BDDED91008FBEC2 /* libstdc++.dylib */,
				044894D41BDF887C00FA5497 /* libVisSDK.a */,
				044894D51BDF887C00FA5497 /* VisSDK.h */,
			);
			name = Libs;
			sourceTree = "<group>";
		};
/* End PBXGroup section */

/* Begin PBXNativeTarget section */
		044F7B441BDDD1AE008FBEC2 /* VisSDKDemo */ = {
			isa = PBXNativeTarget;
			buildConfigurationList = 044F7B681BDDD1AE008FBEC2 /* Build configuration list for PBXNativeTarget "VisSDKDemo" */;
			buildPhases = (
				044F7B411BDDD1AE008FBEC2 /* Sources */,
				044F7B421BDDD1AE008FBEC2 /* Frameworks */,
				044F7B431BDDD1AE008FBEC2 /* Resources */,
			);
			buildRules = (
			);
			dependencies = (
			);
			name = VisSDKDemo;
			productName = VisSDKDemo;
			productReference = 044F7B451BDDD1AE008FBEC2 /* VisSDKDemo.app */;
			productType = "com.apple.product-type.application";
		};
/* End PBXNativeTarget section */

/* Begin PBXProject section */
		044F7B3D1BDDD1AE008FBEC2 /* Project object */ = {
			isa = PBXProject;
			attributes = {
				LastUpgradeCheck = 0640;
				ORGANIZATIONNAME = Mac;
				TargetAttributes = {
					044F7B441BDDD1AE008FBEC2 = {
						CreatedOnToolsVersion = 6.4;
					};
				};
			};
			buildConfigurationList = 044F7B401BDDD1AE008FBEC2 /* Build configuration list for PBXProject "VisSDKDemo" */;
			compatibilityVersion = "Xcode 3.2";
			developmentRegion = English;
			hasScannedForEncodings = 0;
			knownRegions = (
				en,
				Base,
			);
			mainGroup = 044F7B3C1BDDD1AE008FBEC2;
			productRefGroup = 044F7B461BDDD1AE008FBEC2 /* Products */;
			projectDirPath = "";
			projectRoot = "";
			targets = (
				044F7B441BDDD1AE008FBEC2 /* VisSDKDemo */,
			);
		};
/* End PBXProject section */

/* Begin PBXResourcesBuildPhase section */
		044F7B431BDDD1AE008FBEC2 /* Resources */ = {
			isa = PBXResourcesBuildPhase;
			buildActionMask = 2147483647;
			files = (
				044F7B541BDDD1AE008FBEC2 /* Main.storyboard in Resources */,
				044F7B561BDDD1AE008FBEC2 /* Images.xcassets in Resources */,
			);
			runOnlyForDeploymentPostprocessing = 0;
		};
/* End PBXResourcesBuildPhase section */

/* Begin PBXSourcesBuildPhase section */
		044F7B411BDDD1AE008FBEC2 /* Sources */ = {
			isa = PBXSourcesBuildPhase;
			buildActionMask = 2147483647;
			files = (
				044F7B511BDDD1AE008FBEC2 /* ViewController.m in Sources */,
				044F7B4E1BDDD1AE008FBEC2 /* AppDelegate.m in Sources */,
				044F7B4B1BDDD1AE008FBEC2 /* main.m in Sources */,
				0472592D1BDF10D000D2C888 /* NavigationController.m in Sources */,
				044F7B8E1BDE29AE008FBEC2 /* BigSmallView.m in Sources */,
			);
			runOnlyForDeploymentPostprocessing = 0;
		};
/* End PBXSourcesBuildPhase section */

/* Begin PBXVariantGroup section */
		044F7B521BDDD1AE008FBEC2 /* Main.storyboard */ = {
			isa = PBXVariantGroup;
			children = (
				044F7B531BDDD1AE008FBEC2 /* Base */,
			);
			name = Main.storyboard;
			sourceTree = "<group>";
		};
/* End PBXVariantGroup section */

/* Begin XCBuildConfiguration section */
		044F7B661BDDD1AE008FBEC2 /* Debug */ = {
			isa = XCBuildConfiguration;
			buildSettings = {
				ALWAYS_SEARCH_USER_PATHS = NO;
				CLANG_CXX_LANGUAGE_STANDARD = "gnu++0x";
				CLANG_CXX_LIBRARY = "libc++";
				CLANG_ENABLE_MODULES = YES;
				CLANG_ENABLE_OBJC_ARC = YES;
				CLANG_WARN_BOOL_CONVERSION = YES;
				CLANG_WARN_CONSTANT_CONVERSION = YES;
				CLANG_WARN_DIRECT_OBJC_ISA_USAGE = YES_ERROR;
				CLANG_WARN_EMPTY_BODY = YES;
				CLANG_WARN_ENUM_CONVERSION = YES;
				CLANG_WARN_INT_CONVERSION = YES;
				CLANG_WARN_OBJC_ROOT_CLASS = YES_ERROR;
				CLANG_WARN_UNREACHABLE_CODE = YES;
				CLANG_WARN__DUPLICATE_METHOD_MATCH = YES;
				"CODE_SIGN_IDENTITY[sdk=iphoneos*]" = "iPhone Developer";
				COPY_PHASE_STRIP = NO;
				DEBUG_INFORMATION_FORMAT = "dwarf-with-dsym";
				ENABLE_STRICT_OBJC_MSGSEND = YES;
				GCC_C_LANGUAGE_STANDARD = gnu99;
				GCC_DYNAMIC_NO_PIC = NO;
				GCC_NO_COMMON_BLOCKS = YES;
				GCC_OPTIMIZATION_LEVEL = 0;
				GCC_PREPROCESSOR_DEFINITIONS = (
					"DEBUG=1",
					"$(inherited)",
				);
				GCC_SYMBOLS_PRIVATE_EXTERN = NO;
				GCC_WARN_64_TO_32_BIT_CONVERSION = YES;
				GCC_WARN_ABOUT_RETURN_TYPE = YES_ERROR;
				GCC_WARN_UNDECLARED_SELECTOR = YES;
				GCC_WARN_UNINITIALIZED_AUTOS = YES_AGGRESSIVE;
				GCC_WARN_UNUSED_FUNCTION = YES;
				GCC_WARN_UNUSED_VARIABLE = YES;
				IPHONEOS_DEPLOYMENT_TARGET = 8.4;
				MTL_ENABLE_DEBUG_INFO = YES;
				ONLY_ACTIVE_ARCH = YES;
				SDKROOT = iphoneos;
				TARGETED_DEVICE_FAMILY = "1,2";
			};
			name = Debug;
		};
		044F7B671BDDD1AE008FBEC2 /* Release */ = {
			isa = XCBuildConfiguration;
			buildSettings = {
				ALWAYS_SEARCH_USER_PATHS = NO;
				CLANG_CXX_LANGUAGE_STANDARD = "gnu++0x";
				CLANG_CXX_LIBRARY = "libc++";
				CLANG_ENABLE_MODULES = YES;
				CLANG_ENABLE_OBJC_ARC = YES;
				CLANG_WARN_BOOL_CONVERSION = YES;
				CLANG_WARN_CONSTANT_CONVERSION = YES;
				CLANG_WARN_DIRECT_OBJC_ISA_USAGE = YES_ERROR;
				CLANG_WARN_EMPTY_BODY = YES;
				CLANG_WARN_ENUM_CONVERSION = YES;
				CLANG_WARN_INT_CONVERSION = YES;
				CLANG_WARN_OBJC_ROOT_CLASS = YES_ERROR;
				CLANG_WARN_UNREACHABLE_CODE = YES;
				CLANG_WARN__DUPLICATE_METHOD_MATCH = YES;
				"CODE_SIGN_IDENTITY[sdk=iphoneos*]" = "iPhone Developer";
				COPY_PHASE_STRIP = NO;
				DEBUG_INFORMATION_FORMAT = "dwarf-with-dsym";
				ENABLE_NS_ASSERTIONS = NO;
				ENABLE_STRICT_OBJC_MSGSEND = YES;
				GCC_C_LANGUAGE_STANDARD = gnu99;
				GCC_NO_COMMON_BLOCKS = YES;
				GCC_WARN_64_TO_32_BIT_CONVERSION = YES;
				GCC_WARN_ABOUT_RETURN_TYPE = YES_ERROR;
				GCC_WARN_UNDECLARED_SELECTOR = YES;
				GCC_WARN_UNINITIALIZED_AUTOS = YES_AGGRESSIVE;
				GCC_WARN_UNUSED_FUNCTION = YES;
				GCC_WARN_UNUSED_VARIABLE = YES;
				IPHONEOS_DEPLOYMENT_TARGET = 8.4;
				MTL_ENABLE_DEBUG_INFO = NO;
				SDKROOT = iphoneos;
				TARGETED_DEVICE_FAMILY = "1,2";
				VALIDATE_PRODUCT = YES;
			};
			name = Release;
		};
		044F7B691BDDD1AE008FBEC2 /* Debug */ = {
			isa = XCBuildConfiguration;
			buildSettings = {
				ASSETCATALOG_COMPILER_APPICON_NAME = AppIcon;
				ASSETCATALOG_COMPILER_LAUNCHIMAGE_NAME = LaunchImage;
				CODE_SIGN_IDENTITY = "iPhone Developer";
				INFOPLIST_FILE = VisSDKDemo/Info.plist;
				IPHONEOS_DEPLOYMENT_TARGET = 7.0;
				LD_RUNPATH_SEARCH_PATHS = "$(inherited) @executable_path/Frameworks";
				LIBRARY_SEARCH_PATHS = (
					"$(inherited)",
					"$(PROJECT_DIR)/VisSDKDemo/Libs/NodeMediaClient",
					"$(PROJECT_DIR)/VisSDKDemo/Libs",
				);
				PRODUCT_NAME = "$(TARGET_NAME)";
			};
			name = Debug;
		};
		044F7B6A1BDDD1AE008FBEC2 /* Release */ = {
			isa = XCBuildConfiguration;
			buildSettings = {
				ASSETCATALOG_COMPILER_APPICON_NAME = AppIcon;
				ASSETCATALOG_COMPILER_LAUNCHIMAGE_NAME = LaunchImage;
				CODE_SIGN_IDENTITY = "iPhone Developer";
				INFOPLIST_FILE = VisSDKDemo/Info.plist;
				IPHONEOS_DEPLOYMENT_TARGET = 7.0;
				LD_RUNPATH_SEARCH_PATHS = "$(inherited) @executable_path/Frameworks";
				LIBRARY_SEARCH_PATHS = (
					"$(inherited)",
					"$(PROJECT_DIR)/VisSDKDemo/Libs/NodeMediaClient",
					"$(PROJECT_DIR)/VisSDKDemo/Libs",
				);
				PRODUCT_NAME = "$(TARGET_NAME)";
			};
			name = Release;
		};
/* End XCBuildConfiguration section */

/* Begin XCConfigurationList section */
		044F7B401BDDD1AE008FBEC2 /* Build configuration list for PBXProject "VisSDKDemo" */ = {
			isa = XCConfigurationList;
			buildConfigurations = (
				044F7B661BDDD1AE008FBEC2 /* Debug */,
				044F7B671BDDD1AE008FBEC2 /* Release */,
			);
			defaultConfigurationIsVisible = 0;
			defaultConfigurationName = Release;
		};
		044F7B681BDDD1AE008FBEC2 /* Build configuration list for PBXNativeTarget "VisSDKDemo" */ = {
			isa = XCConfigurationList;
			buildConfigurations = (
				044F7B691BDDD1AE008FBEC2 /* Debug */,
				044F7B6A1BDDD1AE008FBEC2 /* Release */,
			);
			defaultConfigurationIsVisible = 0;
			defaultConfigurationName = Release;
		};
/* End XCConfigurationList section */
	};
	rootObject = 044F7B3D1BDDD1AE008FBEC2 /* Project object */;
}
